
Microsoft Visual Studio Solution File, Format Version 12.00
# Visual Studio Version 17
VisualStudioVersion = 17.5.002.0
MinimumVisualStudioVersion = 10.0.40219.1
Project("{9A19103F-16F7-4668-BE54-9A1E7A4F7556}") = "Example2VS", "Example2VS.csproj", "{EAF127DC-2D9B-4404-8738-2C00939DFA46}"
EndProject
Global
	GlobalSection(SolutionConfigurationPlatforms) = preSolution
		Debug|Any CPU = Debug|Any CPU
		Release|Any CPU = Release|Any CPU
	EndGlobalSection
	GlobalSection(ProjectConfigurationPlatforms) = postSolution
		{EAF127DC-2D9B-4404-8738-2C00939DFA46}.Debug|Any CPU.ActiveCfg = Debug|Any CPU
		{EAF127DC-2D9B-4404-8738-2C00939DFA46}.Debug|Any CPU.Build.0 = Debug|Any CPU
		{EAF127DC-2D9B-4404-8738-2C00939DFA46}.Release|Any CPU.ActiveCfg = Release|Any CPU
		{EAF127DC-2D9B-4404-8738-2C00939DFA46}.Release|Any CPU.Build.0 = Release|Any CPU
	EndGlobalSection
	GlobalSection(SolutionProperties) = preSolution
		HideSolutionNode = FALSE
	EndGlobalSection
	GlobalSection(ExtensibilityGlobals) = postSolution
		SolutionGuid = {AF44EE64-C1B5-4E7C-A113-020424D9ACB6}
	EndGlobalSection
EndGlobal
